
Microsoft Visual Studio Solution File, Format Version 12.00
# Visual Studio Version 16
VisualStudioVersion = 16.0.810.9
MinimumVisualStudioVersion = 10.0.40219.1
Project("{FAE04EC0-301F-11D3-BF4B-00C04F79EFBC}") = "mvcTextFiles", "mvcTextFiles.csproj", "{60AB97C4-0780-4962-A055-B7CA555F87DC}"
EndProject
Global
	GlobalSection(SolutionConfigurationPlatforms) = preSolution
		Debug|Any CPU = Debug|Any CPU
		Release|Any CPU = Release|Any CPU
	EndGlobalSection
	GlobalSection(ProjectConfigurationPlatforms) = postSolution
		{60AB97C4-0780-4962-A055-B7CA555F87DC}.Debug|Any CPU.ActiveCfg = Debug|Any CPU
		{60AB97C4-0780-4962-A055-B7CA555F87DC}.Debug|Any CPU.Build.0 = Debug|Any CPU
		{60AB97C4-0780-4962-A055-B7CA555F87DC}.Release|Any CPU.ActiveCfg = Release|Any CPU
		{60AB97C4-0780-4962-A055-B7CA555F87DC}.Release|Any CPU.Build.0 = Release|Any CPU
	EndGlobalSection
	GlobalSection(SolutionProperties) = preSolution
		HideSolutionNode = FALSE
	EndGlobalSection
	GlobalSection(ExtensibilityGlobals) = postSolution
		SolutionGuid = {0C771B5B-5F92-4F22-9D29-CBA8D764529C}
	EndGlobalSection
EndGlobal
